
Microsoft Visual Studio Solution File, Format Version 12.00
# Visual Studio Version 16
VisualStudioVersion = 16.0.31515.178
MinimumVisualStudioVersion = 10.0.40219.1
Project("{FAE04EC0-301F-11D3-BF4B-00C04F79EFBC}") = "ConsoleApp1", "ConsoleApp1\ConsoleApp1.csproj", "{D373CB46-931E-4DF7-984A-53B0B64F03F4}"
EndProject
Project("{FAE04EC0-301F-11D3-BF4B-00C04F79EFBC}") = "TronExpress", "..\Session02\TronExpress\TronExpress.csproj", "{33EAD729-6EA1-4B94-8F33-D21EB6079F41}"
EndProject
Project("{9A19103F-16F7-4668-BE54-9A1E7A4F7556}") = "DetroitBank", "..\DetroitBank\DetroitBank.csproj", "{EE46B0B0-B377-4CB6-A3B9-6E41DAEA6F46}"
EndProject
Project("{9A19103F-16F7-4668-BE54-9A1E7A4F7556}") = "Lab_01", "Lab_01\Lab_01.csproj", "{334C51D7-F527-40E1-8C77-12D451FFF594}"
EndProject
Project("{9A19103F-16F7-4668-BE54-9A1E7A4F7556}") = "HomeWork01", "HomeWork01\HomeWork01.csproj", "{204E5748-2CF8-48BA-AE87-1E19846EAB1A}"
EndProject
Project("{9A19103F-16F7-4668-BE54-9A1E7A4F7556}") = "QuickSort", "QuickSort\QuickSort.csproj", "{050A07F9-F7C7-4C21-9282-82519FC16394}"
EndProject
Project("{9A19103F-16F7-4668-BE54-9A1E7A4F7556}") = "FootballManager", "FootballManager\FootballManager.csproj", "{425C8B04-31D7-411F-956D-7F8B50D4E6F8}"
EndProject
Project("{9A19103F-16F7-4668-BE54-9A1E7A4F7556}") = "MaxValue", "MaxValue\MaxValue.csproj", "{993952D7-4819-4C42-A826-C36818C01BFB}"
EndProject
Project("{9A19103F-16F7-4668-BE54-9A1E7A4F7556}") = "InsertionSort", "InsertionSort\InsertionSort.csproj", "{148E1329-F2AB-48F2-A3A5-50A888D435E7}"
EndProject
Project("{9A19103F-16F7-4668-BE54-9A1E7A4F7556}") = "BinarySearch", "BinarySearch\BinarySearch.csproj", "{7ED3EC64-851C-438C-ABD2-C2CC514DBA60}"
EndProject
Project("{9A19103F-16F7-4668-BE54-9A1E7A4F7556}") = "ArrayDemo01", "ArrayDemo01\ArrayDemo01.csproj", "{5282462E-ACF6-4B9C-A073-9E243EC9366E}"
EndProject
Project("{9A19103F-16F7-4668-BE54-9A1E7A4F7556}") = "MyHashTable", "MyHashTable\MyHashTable.csproj", "{400A3405-164A-49A7-97F8-9B8BF2B75F8C}"
EndProject
Project("{9A19103F-16F7-4668-BE54-9A1E7A4F7556}") = "Lab02", "Lab02\Lab02.csproj", "{D9740677-F5A6-411F-A22F-88FE279C2DF5}"
EndProject
Project("{9A19103F-16F7-4668-BE54-9A1E7A4F7556}") = "Lab_03", "Lab_03\Lab_03.csproj", "{E05BEC0B-C604-4F26-BEAF-19978A0F2628}"
EndProject
Project("{9A19103F-16F7-4668-BE54-9A1E7A4F7556}") = "Lab_04", "Lab_04\Lab_04.csproj", "{1C79128B-5B1A-4C86-B91A-DDB18A5102FC}"
EndProject
Project("{9A19103F-16F7-4668-BE54-9A1E7A4F7556}") = "1.Bank_Account", "1.Bank_Account\1.Bank_Account.csproj", "{6FD3A3CF-A3FF-491C-B5A3-7F7F14787E67}"
EndProject
Project("{9A19103F-16F7-4668-BE54-9A1E7A4F7556}") = "Lab_05", "Lab_05\Lab_05.csproj", "{B697B01E-1105-47F9-B4C3-F3B9D4144CBB}"
EndProject
Project("{9A19103F-16F7-4668-BE54-9A1E7A4F7556}") = "Lab_06", "Lab_06\Lab_06.csproj", "{E6A7E630-2AE7-4647-A425-98465B4AA7BC}"
EndProject
Project("{FAE04EC0-301F-11D3-BF4B-00C04F79EFBC}") = "Shapes", "Shapes\Shapes.csproj", "{28C41A80-D334-4D31-B02B-260434A6E345}"
EndProject
Project("{FAE04EC0-301F-11D3-BF4B-00C04F79EFBC}") = "Cars", "Cars\Cars.csproj", "{9FB83B95-229D-4FB2-8254-AC462A5DCC41}"
EndProject
Project("{FAE04EC0-301F-11D3-BF4B-00C04F79EFBC}") = "Ferarri", "Ferarri\Ferarri.csproj", "{FA48EBE6-6226-4263-987B-E22F1545F3A6}"
EndProject
Project("{FAE04EC0-301F-11D3-BF4B-00C04F79EFBC}") = "Vihacle", "Vihacle\Vihacle.csproj", "{95E60F42-964A-4AEE-ABEB-D94D87CE3DF1}"
EndProject
Global
	GlobalSection(SolutionConfigurationPlatforms) = preSolution
		Debug|Any CPU = Debug|Any CPU
		Release|Any CPU = Release|Any CPU
	EndGlobalSection
	GlobalSection(ProjectConfigurationPlatforms) = postSolution
		{D373CB46-931E-4DF7-984A-53B0B64F03F4}.Debug|Any CPU.ActiveCfg = Debug|Any CPU
		{D373CB46-931E-4DF7-984A-53B0B64F03F4}.Debug|Any CPU.Build.0 = Debug|Any CPU
		{D373CB46-931E-4DF7-984A-53B0B64F03F4}.Release|Any CPU.ActiveCfg = Release|Any CPU
		{D373CB46-931E-4DF7-984A-53B0B64F03F4}.Release|Any CPU.Build.0 = Release|Any CPU
		{33EAD729-6EA1-4B94-8F33-D21EB6079F41}.Debug|Any CPU.ActiveCfg = Debug|Any CPU
		{33EAD729-6EA1-4B94-8F33-D21EB6079F41}.Debug|Any CPU.Build.0 = Debug|Any CPU
		{33EAD729-6EA1-4B94-8F33-D21EB6079F41}.Release|Any CPU.ActiveCfg = Release|Any CPU
		{33EAD729-6EA1-4B94-8F33-D21EB6079F41}.Release|Any CPU.Build.0 = Release|Any CPU
		{EE46B0B0-B377-4CB6-A3B9-6E41DAEA6F46}.Debug|Any CPU.ActiveCfg = Debug|Any CPU
		{EE46B0B0-B377-4CB6-A3B9-6E41DAEA6F46}.Debug|Any CPU.Build.0 = Debug|Any CPU
		{EE46B0B0-B377-4CB6-A3B9-6E41DAEA6F46}.Release|Any CPU.ActiveCfg = Release|Any CPU
		{EE46B0B0-B377-4CB6-A3B9-6E41DAEA6F46}.Release|Any CPU.Build.0 = Release|Any CPU
		{334C51D7-F527-40E1-8C77-12D451FFF594}.Debug|Any CPU.ActiveCfg = Debug|Any CPU
		{334C51D7-F527-40E1-8C77-12D451FFF594}.Debug|Any CPU.Build.0 = Debug|Any CPU
		{334C51D7-F527-40E1-8C77-12D451FFF594}.Release|Any CPU.ActiveCfg = Release|Any CPU
		{334C51D7-F527-40E1-8C77-12D451FFF594}.Release|Any CPU.Build.0 = Release|Any CPU
		{204E5748-2CF8-48BA-AE87-1E19846EAB1A}.Debug|Any CPU.ActiveCfg = Debug|Any CPU
		{204E5748-2CF8-48BA-AE87-1E19846EAB1A}.Debug|Any CPU.Build.0 = Debug|Any CPU
		{204E5748-2CF8-48BA-AE87-1E19846EAB1A}.Release|Any CPU.ActiveCfg = Release|Any CPU
		{204E5748-2CF8-48BA-AE87-1E19846EAB1A}.Release|Any CPU.Build.0 = Release|Any CPU
		{050A07F9-F7C7-4C21-9282-82519FC16394}.Debug|Any CPU.ActiveCfg = Debug|Any CPU
		{050A07F9-F7C7-4C21-9282-82519FC16394}.Debug|Any CPU.Build.0 = Debug|Any CPU
		{050A07F9-F7C7-4C21-9282-82519FC16394}.Release|Any CPU.ActiveCfg = Release|Any CPU
		{050A07F9-F7C7-4C21-9282-82519FC16394}.Release|Any CPU.Build.0 = Release|Any CPU
		{425C8B04-31D7-411F-956D-7F8B50D4E6F8}.Debug|Any CPU.ActiveCfg = Debug|Any CPU
		{425C8B04-31D7-411F-956D-7F8B50D4E6F8}.Debug|Any CPU.Build.0 = Debug|Any CPU
		{425C8B04-31D7-411F-956D-7F8B50D4E6F8}.Release|Any CPU.ActiveCfg = Release|Any CPU
		{425C8B04-31D7-411F-956D-7F8B50D4E6F8}.Release|Any CPU.Build.0 = Release|Any CPU
		{993952D7-4819-4C42-A826-C36818C01BFB}.Debug|Any CPU.ActiveCfg = Debug|Any CPU
		{993952D7-4819-4C42-A826-C36818C01BFB}.Debug|Any CPU.Build.0 = Debug|Any CPU
		{993952D7-4819-4C42-A826-C36818C01BFB}.Release|Any CPU.ActiveCfg = Release|Any CPU
		{993952D7-4819-4C42-A826-C36818C01BFB}.Release|Any CPU.Build.0 = Release|Any CPU
		{148E1329-F2AB-48F2-A3A5-50A888D435E7}.Debug|Any CPU.ActiveCfg = Debug|Any CPU
		{148E1329-F2AB-48F2-A3A5-50A888D435E7}.Debug|Any CPU.Build.0 = Debug|Any CPU
		{148E1329-F2AB-48F2-A3A5-50A888D435E7}.Release|Any CPU.ActiveCfg = Release|Any CPU
		{148E1329-F2AB-48F2-A3A5-50A888D435E7}.Release|Any CPU.Build.0 = Release|Any CPU
		{7ED3EC64-851C-438C-ABD2-C2CC514DBA60}.Debug|Any CPU.ActiveCfg = Debug|Any CPU
		{7ED3EC64-851C-438C-ABD2-C2CC514DBA60}.Debug|Any CPU.Build.0 = Debug|Any CPU
		{7ED3EC64-851C-438C-ABD2-C2CC514DBA60}.Release|Any CPU.ActiveCfg = Release|Any CPU
		{7ED3EC64-851C-438C-ABD2-C2CC514DBA60}.Release|Any CPU.Build.0 = Release|Any CPU
		{5282462E-ACF6-4B9C-A073-9E243EC9366E}.Debug|Any CPU.ActiveCfg = Debug|Any CPU
		{5282462E-ACF6-4B9C-A073-9E243EC9366E}.Debug|Any CPU.Build.0 = Debug|Any CPU
		{5282462E-ACF6-4B9C-A073-9E243EC9366E}.Release|Any CPU.ActiveCfg = Release|Any CPU
		{5282462E-ACF6-4B9C-A073-9E243EC9366E}.Release|Any CPU.Build.0 = Release|Any CPU
		{400A3405-164A-49A7-97F8-9B8BF2B75F8C}.Debug|Any CPU.ActiveCfg = Debug|Any CPU
		{400A3405-164A-49A7-97F8-9B8BF2B75F8C}.Debug|Any CPU.Build.0 = Debug|Any CPU
		{400A3405-164A-49A7-97F8-9B8BF2B75F8C}.Release|Any CPU.ActiveCfg = Release|Any CPU
		{400A3405-164A-49A7-97F8-9B8BF2B75F8C}.Release|Any CPU.Build.0 = Release|Any CPU
		{D9740677-F5A6-411F-A22F-88FE279C2DF5}.Debug|Any CPU.ActiveCfg = Debug|Any CPU
		{D9740677-F5A6-411F-A22F-88FE279C2DF5}.Debug|Any CPU.Build.0 = Debug|Any CPU
		{D9740677-F5A6-411F-A22F-88FE279C2DF5}.Release|Any CPU.ActiveCfg = Release|Any CPU
		{D9740677-F5A6-411F-A22F-88FE279C2DF5}.Release|Any CPU.Build.0 = Release|Any CPU
		{E05BEC0B-C604-4F26-BEAF-19978A0F2628}.Debug|Any CPU.ActiveCfg = Debug|Any CPU
		{E05BEC0B-C604-4F26-BEAF-19978A0F2628}.Debug|Any CPU.Build.0 = Debug|Any CPU
		{E05BEC0B-C604-4F26-BEAF-19978A0F2628}.Release|Any CPU.ActiveCfg = Release|Any CPU
		{E05BEC0B-C604-4F26-BEAF-19978A0F2628}.Release|Any CPU.Build.0 = Release|Any CPU
		{1C79128B-5B1A-4C86-B91A-DDB18A5102FC}.Debug|Any CPU.ActiveCfg = Debug|Any CPU
		{1C79128B-5B1A-4C86-B91A-DDB18A5102FC}.Debug|Any CPU.Build.0 = Debug|Any CPU
		{1C79128B-5B1A-4C86-B91A-DDB18A5102FC}.Release|Any CPU.ActiveCfg = Release|Any CPU
		{1C79128B-5B1A-4C86-B91A-DDB18A5102FC}.Release|Any CPU.Build.0 = Release|Any CPU
		{6FD3A3CF-A3FF-491C-B5A3-7F7F14787E67}.Debug|Any CPU.ActiveCfg = Debug|Any CPU
		{6FD3A3CF-A3FF-491C-B5A3-7F7F14787E67}.Debug|Any CPU.Build.0 = Debug|Any CPU
		{6FD3A3CF-A3FF-491C-B5A3-7F7F14787E67}.Release|Any CPU.ActiveCfg = Release|Any CPU
		{6FD3A3CF-A3FF-491C-B5A3-7F7F14787E67}.Release|Any CPU.Build.0 = Release|Any CPU
		{B697B01E-1105-47F9-B4C3-F3B9D4144CBB}.Debug|Any CPU.ActiveCfg = Debug|Any CPU
		{B697B01E-1105-47F9-B4C3-F3B9D4144CBB}.Debug|Any CPU.Build.0 = Debug|Any CPU
		{B697B01E-1105-47F9-B4C3-F3B9D4144CBB}.Release|Any CPU.ActiveCfg = Release|Any CPU
		{B697B01E-1105-47F9-B4C3-F3B9D4144CBB}.Release|Any CPU.Build.0 = Release|Any CPU
		{E6A7E630-2AE7-4647-A425-98465B4AA7BC}.Debug|Any CPU.ActiveCfg = Debug|Any CPU
		{E6A7E630-2AE7-4647-A425-98465B4AA7BC}.Debug|Any CPU.Build.0 = Debug|Any CPU
		{E6A7E630-2AE7-4647-A425-98465B4AA7BC}.Release|Any CPU.ActiveCfg = Release|Any CPU
		{E6A7E630-2AE7-4647-A425-98465B4AA7BC}.Release|Any CPU.Build.0 = Release|Any CPU
		{28C41A80-D334-4D31-B02B-260434A6E345}.Debug|Any CPU.ActiveCfg = Debug|Any CPU
		{28C41A80-D334-4D31-B02B-260434A6E345}.Debug|Any CPU.Build.0 = Debug|Any CPU
		{28C41A80-D334-4D31-B02B-260434A6E345}.Release|Any CPU.ActiveCfg = Release|Any CPU
		{28C41A80-D334-4D31-B02B-260434A6E345}.Release|Any CPU.Build.0 = Release|Any CPU
		{9FB83B95-229D-4FB2-8254-AC462A5DCC41}.Debug|Any CPU.ActiveCfg = Debug|Any CPU
		{9FB83B95-229D-4FB2-8254-AC462A5DCC41}.Debug|Any CPU.Build.0 = Debug|Any CPU
		{9FB83B95-229D-4FB2-8254-AC462A5DCC41}.Release|Any CPU.ActiveCfg = Release|Any CPU
		{9FB83B95-229D-4FB2-8254-AC462A5DCC41}.Release|Any CPU.Build.0 = Release|Any CPU
		{FA48EBE6-6226-4263-987B-E22F1545F3A6}.Debug|Any CPU.ActiveCfg = Debug|Any CPU
		{FA48EBE6-6226-4263-987B-E22F1545F3A6}.Debug|Any CPU.Build.0 = Debug|Any CPU
		{FA48EBE6-6226-4263-987B-E22F1545F3A6}.Release|Any CPU.ActiveCfg = Release|Any CPU
		{FA48EBE6-6226-4263-987B-E22F1545F3A6}.Release|Any CPU.Build.0 = Release|Any CPU
		{95E60F42-964A-4AEE-ABEB-D94D87CE3DF1}.Debug|Any CPU.ActiveCfg = Debug|Any CPU
		{95E60F42-964A-4AEE-ABEB-D94D87CE3DF1}.Debug|Any CPU.Build.0 = Debug|Any CPU
		{95E60F42-964A-4AEE-ABEB-D94D87CE3DF1}.Release|Any CPU.ActiveCfg = Release|Any CPU
		{95E60F42-964A-4AEE-ABEB-D94D87CE3DF1}.Release|Any CPU.Build.0 = Release|Any CPU
	EndGlobalSection
	GlobalSection(SolutionProperties) = preSolution
		HideSolutionNode = FALSE
	EndGlobalSection
	GlobalSection(ExtensibilityGlobals) = postSolution
		SolutionGuid = {6226E5A4-996D-4F91-9253-B65DB7D0A10E}
	EndGlobalSection
EndGlobal
