
Microsoft Visual Studio Solution File, Format Version 12.00
# Visual Studio Version 16
VisualStudioVersion = 16.0.31515.178
MinimumVisualStudioVersion = 10.0.40219.1
Project("{FAE04EC0-301F-11D3-BF4B-00C04F79EFBC}") = "ConsoleApp1", "ConsoleApp1\ConsoleApp1.csproj", "{D373CB46-931E-4DF7-984A-53B0B64F03F4}"
EndProject
Project("{FAE04EC0-301F-11D3-BF4B-00C04F79EFBC}") = "CaroUniversity", "CaroUniversity\CaroUniversity.csproj", "{D527E771-2A87-4508-B7A8-7B486AA41E2C}"
EndProject
Project("{FAE04EC0-301F-11D3-BF4B-00C04F79EFBC}") = "TronExpress", "..\Session02\TronExpress\TronExpress.csproj", "{33EAD729-6EA1-4B94-8F33-D21EB6079F41}"
EndProject
Global
	GlobalSection(SolutionConfigurationPlatforms) = preSolution
		Debug|Any CPU = Debug|Any CPU
		Release|Any CPU = Release|Any CPU
	EndGlobalSection
	GlobalSection(ProjectConfigurationPlatforms) = postSolution
		{D373CB46-931E-4DF7-984A-53B0B64F03F4}.Debug|Any CPU.ActiveCfg = Debug|Any CPU
		{D373CB46-931E-4DF7-984A-53B0B64F03F4}.Debug|Any CPU.Build.0 = Debug|Any CPU
		{D373CB46-931E-4DF7-984A-53B0B64F03F4}.Release|Any CPU.ActiveCfg = Release|Any CPU
		{D373CB46-931E-4DF7-984A-53B0B64F03F4}.Release|Any CPU.Build.0 = Release|Any CPU
		{D527E771-2A87-4508-B7A8-7B486AA41E2C}.Debug|Any CPU.ActiveCfg = Debug|Any CPU
		{D527E771-2A87-4508-B7A8-7B486AA41E2C}.Debug|Any CPU.Build.0 = Debug|Any CPU
		{D527E771-2A87-4508-B7A8-7B486AA41E2C}.Release|Any CPU.ActiveCfg = Release|Any CPU
		{D527E771-2A87-4508-B7A8-7B486AA41E2C}.Release|Any CPU.Build.0 = Release|Any CPU
		{33EAD729-6EA1-4B94-8F33-D21EB6079F41}.Debug|Any CPU.ActiveCfg = Debug|Any CPU
		{33EAD729-6EA1-4B94-8F33-D21EB6079F41}.Debug|Any CPU.Build.0 = Debug|Any CPU
		{33EAD729-6EA1-4B94-8F33-D21EB6079F41}.Release|Any CPU.ActiveCfg = Release|Any CPU
		{33EAD729-6EA1-4B94-8F33-D21EB6079F41}.Release|Any CPU.Build.0 = Release|Any CPU
	EndGlobalSection
	GlobalSection(SolutionProperties) = preSolution
		HideSolutionNode = FALSE
	EndGlobalSection
	GlobalSection(ExtensibilityGlobals) = postSolution
		SolutionGuid = {6226E5A4-996D-4F91-9253-B65DB7D0A10E}
	EndGlobalSection
EndGlobal
