
Microsoft Visual Studio Solution File, Format Version 12.00
# Visual Studio Version 16
VisualStudioVersion = 16.0.31515.178
MinimumVisualStudioVersion = 10.0.40219.1
Project("{FAE04EC0-301F-11D3-BF4B-00C04F79EFBC}") = "BookManagement", "BookManagement\BookManagement.csproj", "{14108390-E273-4553-A4AF-E4692D724EE5}"
EndProject
Global
	GlobalSection(SolutionConfigurationPlatforms) = preSolution
		Debug|Any CPU = Debug|Any CPU
		Release|Any CPU = Release|Any CPU
	EndGlobalSection
	GlobalSection(ProjectConfigurationPlatforms) = postSolution
		{14108390-E273-4553-A4AF-E4692D724EE5}.Debug|Any CPU.ActiveCfg = Debug|Any CPU
		{14108390-E273-4553-A4AF-E4692D724EE5}.Debug|Any CPU.Build.0 = Debug|Any CPU
		{14108390-E273-4553-A4AF-E4692D724EE5}.Release|Any CPU.ActiveCfg = Release|Any CPU
		{14108390-E273-4553-A4AF-E4692D724EE5}.Release|Any CPU.Build.0 = Release|Any CPU
	EndGlobalSection
	GlobalSection(SolutionProperties) = preSolution
		HideSolutionNode = FALSE
	EndGlobalSection
	GlobalSection(ExtensibilityGlobals) = postSolution
		SolutionGuid = {F56DD14D-2515-4A2A-BAF4-49D67853AE00}
	EndGlobalSection
EndGlobal
